{
  "requires": true,
  "lockfileVersion": 1,
  "dependencies": {
    "vis-network": {
      "version": "6.4.6",
      "resolved": "https://registry.npmjs.org/vis-network/-/vis-network-6.4.6.tgz",
      "integrity": "sha512-/I0qd13FU14wvxyfH1rlaZYn0pCchXt94SEJaemrd6jk+zabbeBGvexyvTOznRKVMgS0D6MLb1VSY33rvAmFdg=="
    }
  }
}
